
Microsoft Visual Studio Solution File, Format Version 12.00
# Visual Studio 14
VisualStudioVersion = 14.0.24720.0
MinimumVisualStudioVersion = 10.0.40219.1
Project("{9092AA53-FB77-4645-B42D-1CCCA6BD08BD}") = "ShortUrl", "ShortUrl\ShortUrl.njsproj", "{5B5137F0-A816-4750-91A9-08FE889CCD19}"
EndProject
Global
	GlobalSection(SolutionConfigurationPlatforms) = preSolution
		Debug|Any CPU = Debug|Any CPU
		Release|Any CPU = Release|Any CPU
	EndGlobalSection
	GlobalSection(ProjectConfigurationPlatforms) = postSolution
		{5B5137F0-A816-4750-91A9-08FE889CCD19}.Debug|Any CPU.ActiveCfg = Debug|Any CPU
		{5B5137F0-A816-4750-91A9-08FE889CCD19}.Debug|Any CPU.Build.0 = Debug|Any CPU
		{5B5137F0-A816-4750-91A9-08FE889CCD19}.Release|Any CPU.ActiveCfg = Release|Any CPU
		{5B5137F0-A816-4750-91A9-08FE889CCD19}.Release|Any CPU.Build.0 = Release|Any CPU
	EndGlobalSection
	GlobalSection(SolutionProperties) = preSolution
		HideSolutionNode = FALSE
	EndGlobalSection
EndGlobal
